
Microsoft Visual Studio Solution File, Format Version 12.00
# Visual Studio Version 17
VisualStudioVersion = 17.9.34607.119
MinimumVisualStudioVersion = 10.0.40219.1
Project("{FAE04EC0-301F-11D3-BF4B-00C04F79EFBC}") = "RockPaperScissorsGame", "RockPaperScissorsGame\RockPaperScissorsGame.csproj", "{71F4DB52-0D79-4DDC-AC4F-66C7482D873D}"
EndProject
Global
	GlobalSection(SolutionConfigurationPlatforms) = preSolution
		Debug|Any CPU = Debug|Any CPU
		Release|Any CPU = Release|Any CPU
	EndGlobalSection
	GlobalSection(ProjectConfigurationPlatforms) = postSolution
		{71F4DB52-0D79-4DDC-AC4F-66C7482D873D}.Debug|Any CPU.ActiveCfg = Debug|Any CPU
		{71F4DB52-0D79-4DDC-AC4F-66C7482D873D}.Debug|Any CPU.Build.0 = Debug|Any CPU
		{71F4DB52-0D79-4DDC-AC4F-66C7482D873D}.Release|Any CPU.ActiveCfg = Release|Any CPU
		{71F4DB52-0D79-4DDC-AC4F-66C7482D873D}.Release|Any CPU.Build.0 = Release|Any CPU
	EndGlobalSection
	GlobalSection(SolutionProperties) = preSolution
		HideSolutionNode = FALSE
	EndGlobalSection
	GlobalSection(ExtensibilityGlobals) = postSolution
		SolutionGuid = {8B5BE2FC-FB94-4877-9543-58263F0B3FA8}
	EndGlobalSection
EndGlobal
